// !$*UTF8*$!
{
	archiveVersion = 1;
	classes = {
	};
	objectVersion = 55;
	objects = {

/* Begin PBXBuildFile section */
		FD67513E27D885A1002BDA92 /* MarketDataModel.swift in Sources */ = {isa = PBXBuildFile; fileRef = FD67513D27D885A1002BDA92 /* MarketDataModel.swift */; };
		FD67514027D88C21002BDA92 /* MarketDataService.swift in Sources */ = {isa = PBXBuildFile; fileRef = FD67513F27D88C21002BDA92 /* MarketDataService.swift */; };
		FD67514227D89858002BDA92 /* PortfolioView.swift in Sources */ = {isa = PBXBuildFile; fileRef = FD67514127D89858002BDA92 /* PortfolioView.swift */; };
		FD67514427D8C022002BDA92 /* XMarkButton.swift in Sources */ = {isa = PBXBuildFile; fileRef = FD67514327D8C022002BDA92 /* XMarkButton.swift */; };
		FD67514627D8C254002BDA92 /* CoinLogoView.swift in Sources */ = {isa = PBXBuildFile; fileRef = FD67514527D8C254002BDA92 /* CoinLogoView.swift */; };
		FD69E39627D71F070002D51E /* CoinImageView.swift in Sources */ = {isa = PBXBuildFile; fileRef = FD69E39527D71F070002D51E /* CoinImageView.swift */; };
		FD69E39827D720CC0002D51E /* CoinImageService.swift in Sources */ = {isa = PBXBuildFile; fileRef = FD69E39727D720CC0002D51E /* CoinImageService.swift */; };
		FD69E39A27D722DE0002D51E /* CoinImageViewModel.swift in Sources */ = {isa = PBXBuildFile; fileRef = FD69E39927D722DE0002D51E /* CoinImageViewModel.swift */; };
		FD69E39C27D72B850002D51E /* LocalFileManager.swift in Sources */ = {isa = PBXBuildFile; fileRef = FD69E39B27D72B850002D51E /* LocalFileManager.swift */; };
		FD69E39E27D748A50002D51E /* SearchBarView.swift in Sources */ = {isa = PBXBuildFile; fileRef = FD69E39D27D748A40002D51E /* SearchBarView.swift */; };
		FD69E3A027D74E3C0002D51E /* UIApplication.swift in Sources */ = {isa = PBXBuildFile; fileRef = FD69E39F27D74E3C0002D51E /* UIApplication.swift */; };
		FD69E3A227D76C840002D51E /* StatisticModel.swift in Sources */ = {isa = PBXBuildFile; fileRef = FD69E3A127D76C840002D51E /* StatisticModel.swift */; };
		FD69E3A427D76DF30002D51E /* StatisticView.swift in Sources */ = {isa = PBXBuildFile; fileRef = FD69E3A327D76DF30002D51E /* StatisticView.swift */; };
		FD69E3A627D773790002D51E /* HomeStatsView.swift in Sources */ = {isa = PBXBuildFile; fileRef = FD69E3A527D773790002D51E /* HomeStatsView.swift */; };
		FD7F0F6D27D9C4A400F01F0D /* PortfolioContainer.xcdatamodeld in Sources */ = {isa = PBXBuildFile; fileRef = FD7F0F6B27D9C4A400F01F0D /* PortfolioContainer.xcdatamodeld */; };
		FD7F0F6F27D9C55900F01F0D /* PortfolioDataService.swift in Sources */ = {isa = PBXBuildFile; fileRef = FD7F0F6E27D9C55900F01F0D /* PortfolioDataService.swift */; };
		FD7F0F7127DA00DF00F01F0D /* HapticsManager.swift in Sources */ = {isa = PBXBuildFile; fileRef = FD7F0F7027DA00DF00F01F0D /* HapticsManager.swift */; };
		FD7F0F7627DA199900F01F0D /* DetailView.swift in Sources */ = {isa = PBXBuildFile; fileRef = FD7F0F7527DA199900F01F0D /* DetailView.swift */; };
		FD7F0F7827DA29A000F01F0D /* CoinDetailModel.swift in Sources */ = {isa = PBXBuildFile; fileRef = FD7F0F7727DA29A000F01F0D /* CoinDetailModel.swift */; };
		FD7F0F7A27DA2B5E00F01F0D /* String.swift in Sources */ = {isa = PBXBuildFile; fileRef = FD7F0F7927DA2B5E00F01F0D /* String.swift */; };
		FD7F0F7C27DA2C9C00F01F0D /* DetailViewModel.swift in Sources */ = {isa = PBXBuildFile; fileRef = FD7F0F7B27DA2C9C00F01F0D /* DetailViewModel.swift */; };
		FD7F0F7E27DA2CFB00F01F0D /* CoinDetailDataService.swift in Sources */ = {isa = PBXBuildFile; fileRef = FD7F0F7D27DA2CFB00F01F0D /* CoinDetailDataService.swift */; };
		FD8D15D727D374B000FEF727 /* CircleButtonAnimationView.swift in Sources */ = {isa = PBXBuildFile; fileRef = FD8D15D627D374B000FEF727 /* CircleButtonAnimationView.swift */; };
		FD992F3227D5E2E70090C664 /* CoinModel.swift in Sources */ = {isa = PBXBuildFile; fileRef = FD992F3127D5E2E70090C664 /* CoinModel.swift */; };
		FD992F3427D5F3E90090C664 /* CoinRowView.swift in Sources */ = {isa = PBXBuildFile; fileRef = FD992F3327D5F3E90090C664 /* CoinRowView.swift */; };
		FD992F3627D5F48B0090C664 /* PreviewProvider.swift in Sources */ = {isa = PBXBuildFile; fileRef = FD992F3527D5F48B0090C664 /* PreviewProvider.swift */; };
		FD992F3827D5FB4E0090C664 /* Double.swift in Sources */ = {isa = PBXBuildFile; fileRef = FD992F3727D5FB4E0090C664 /* Double.swift */; };
		FD992F3A27D611EF0090C664 /* HomeViewModel.swift in Sources */ = {isa = PBXBuildFile; fileRef = FD992F3927D611EF0090C664 /* HomeViewModel.swift */; };
		FDB725BD27D355FE00C83EE6 /* SwiftfulCryptoApp.swift in Sources */ = {isa = PBXBuildFile; fileRef = FDB725BC27D355FE00C83EE6 /* SwiftfulCryptoApp.swift */; };
		FDB725BF27D355FE00C83EE6 /* ContentView.swift in Sources */ = {isa = PBXBuildFile; fileRef = FDB725BE27D355FE00C83EE6 /* ContentView.swift */; };
		FDB725C127D3560100C83EE6 /* Assets.xcassets in Resources */ = {isa = PBXBuildFile; fileRef = FDB725C027D3560100C83EE6 /* Assets.xcassets */; };
		FDB725C427D3560100C83EE6 /* Preview Assets.xcassets in Resources */ = {isa = PBXBuildFile; fileRef = FDB725C327D3560100C83EE6 /* Preview Assets.xcassets */; };
		FDB725CC27D35E1800C83EE6 /* Color.swift in Sources */ = {isa = PBXBuildFile; fileRef = FDB725CB27D35E1800C83EE6 /* Color.swift */; };
		FDB725D227D36EC900C83EE6 /* HomeView.swift in Sources */ = {isa = PBXBuildFile; fileRef = FDB725D127D36EC900C83EE6 /* HomeView.swift */; };
		FDB725D627D3701C00C83EE6 /* CircleButtonView.swift in Sources */ = {isa = PBXBuildFile; fileRef = FDB725D527D3701C00C83EE6 /* CircleButtonView.swift */; };
		FDE805FF27D627BC00A8FD99 /* CoinDataService.swift in Sources */ = {isa = PBXBuildFile; fileRef = FDE805FE27D627BC00A8FD99 /* CoinDataService.swift */; };
		FDE8060227D6300500A8FD99 /* NetworkingManager.swift in Sources */ = {isa = PBXBuildFile; fileRef = FDE8060127D6300500A8FD99 /* NetworkingManager.swift */; };
/* End PBXBuildFile section */

/* Begin PBXFileReference section */
		FD67513D27D885A1002BDA92 /* MarketDataModel.swift */ = {isa = PBXFileReference; lastKnownFileType = sourcecode.swift; path = MarketDataModel.swift; sourceTree = "<group>"; };
		FD67513F27D88C21002BDA92 /* MarketDataService.swift */ = {isa = PBXFileReference; lastKnownFileType = sourcecode.swift; path = MarketDataService.swift; sourceTree = "<group>"; };
		FD67514127D89858002BDA92 /* PortfolioView.swift */ = {isa = PBXFileReference; lastKnownFileType = sourcecode.swift; path = PortfolioView.swift; sourceTree = "<group>"; };
		FD67514327D8C022002BDA92 /* XMarkButton.swift */ = {isa = PBXFileReference; lastKnownFileType = sourcecode.swift; path = XMarkButton.swift; sourceTree = "<group>"; };
		FD67514527D8C254002BDA92 /* CoinLogoView.swift */ = {isa = PBXFileReference; lastKnownFileType = sourcecode.swift; path = CoinLogoView.swift; sourceTree = "<group>"; };
		FD69E39527D71F070002D51E /* CoinImageView.swift */ = {isa = PBXFileReference; lastKnownFileType = sourcecode.swift; path = CoinImageView.swift; sourceTree = "<group>"; };
		FD69E39727D720CC0002D51E /* CoinImageService.swift */ = {isa = PBXFileReference; lastKnownFileType = sourcecode.swift; path = CoinImageService.swift; sourceTree = "<group>"; };
		FD69E39927D722DE0002D51E /* CoinImageViewModel.swift */ = {isa = PBXFileReference; lastKnownFileType = sourcecode.swift; path = CoinImageViewModel.swift; sourceTree = "<group>"; };
		FD69E39B27D72B850002D51E /* LocalFileManager.swift */ = {isa = PBXFileReference; lastKnownFileType = sourcecode.swift; path = LocalFileManager.swift; sourceTree = "<group>"; };
		FD69E39D27D748A40002D51E /* SearchBarView.swift */ = {isa = PBXFileReference; lastKnownFileType = sourcecode.swift; path = SearchBarView.swift; sourceTree = "<group>"; };
		FD69E39F27D74E3C0002D51E /* UIApplication.swift */ = {isa = PBXFileReference; lastKnownFileType = sourcecode.swift; path = UIApplication.swift; sourceTree = "<group>"; };
		FD69E3A127D76C840002D51E /* StatisticModel.swift */ = {isa = PBXFileReference; lastKnownFileType = sourcecode.swift; path = StatisticModel.swift; sourceTree = "<group>"; };
		FD69E3A327D76DF30002D51E /* StatisticView.swift */ = {isa = PBXFileReference; lastKnownFileType = sourcecode.swift; path = StatisticView.swift; sourceTree = "<group>"; };
		FD69E3A527D773790002D51E /* HomeStatsView.swift */ = {isa = PBXFileReference; lastKnownFileType = sourcecode.swift; path = HomeStatsView.swift; sourceTree = "<group>"; };
		FD7F0F6C27D9C4A400F01F0D /* PortfolioContainer.xcdatamodel */ = {isa = PBXFileReference; lastKnownFileType = wrapper.xcdatamodel; path = PortfolioContainer.xcdatamodel; sourceTree = "<group>"; };
		FD7F0F6E27D9C55900F01F0D /* PortfolioDataService.swift */ = {isa = PBXFileReference; lastKnownFileType = sourcecode.swift; path = PortfolioDataService.swift; sourceTree = "<group>"; };
		FD7F0F7027DA00DF00F01F0D /* HapticsManager.swift */ = {isa = PBXFileReference; lastKnownFileType = sourcecode.swift; path = HapticsManager.swift; sourceTree = "<group>"; };
		FD7F0F7527DA199900F01F0D /* DetailView.swift */ = {isa = PBXFileReference; lastKnownFileType = sourcecode.swift; path = DetailView.swift; sourceTree = "<group>"; };
		FD7F0F7727DA29A000F01F0D /* CoinDetailModel.swift */ = {isa = PBXFileReference; lastKnownFileType = sourcecode.swift; path = CoinDetailModel.swift; sourceTree = "<group>"; };
		FD7F0F7927DA2B5E00F01F0D /* String.swift */ = {isa = PBXFileReference; lastKnownFileType = sourcecode.swift; path = String.swift; sourceTree = "<group>"; };
		FD7F0F7B27DA2C9C00F01F0D /* DetailViewModel.swift */ = {isa = PBXFileReference; lastKnownFileType = sourcecode.swift; path = DetailViewModel.swift; sourceTree = "<group>"; };
		FD7F0F7D27DA2CFB00F01F0D /* CoinDetailDataService.swift */ = {isa = PBXFileReference; lastKnownFileType = sourcecode.swift; path = CoinDetailDataService.swift; sourceTree = "<group>"; };
		FD8D15D627D374B000FEF727 /* CircleButtonAnimationView.swift */ = {isa = PBXFileReference; lastKnownFileType = sourcecode.swift; path = CircleButtonAnimationView.swift; sourceTree = "<group>"; };
		FD992F3127D5E2E70090C664 /* CoinModel.swift */ = {isa = PBXFileReference; lastKnownFileType = sourcecode.swift; path = CoinModel.swift; sourceTree = "<group>"; };
		FD992F3327D5F3E90090C664 /* CoinRowView.swift */ = {isa = PBXFileReference; lastKnownFileType = sourcecode.swift; path = CoinRowView.swift; sourceTree = "<group>"; };
		FD992F3527D5F48B0090C664 /* PreviewProvider.swift */ = {isa = PBXFileReference; lastKnownFileType = sourcecode.swift; path = PreviewProvider.swift; sourceTree = "<group>"; };
		FD992F3727D5FB4E0090C664 /* Double.swift */ = {isa = PBXFileReference; lastKnownFileType = sourcecode.swift; path = Double.swift; sourceTree = "<group>"; };
		FD992F3927D611EF0090C664 /* HomeViewModel.swift */ = {isa = PBXFileReference; lastKnownFileType = sourcecode.swift; path = HomeViewModel.swift; sourceTree = "<group>"; };
		FDB725B927D355FE00C83EE6 /* Crypto Tracker.app */ = {isa = PBXFileReference; explicitFileType = wrapper.application; includeInIndex = 0; path = "Crypto Tracker.app"; sourceTree = BUILT_PRODUCTS_DIR; };
		FDB725BC27D355FE00C83EE6 /* SwiftfulCryptoApp.swift */ = {isa = PBXFileReference; lastKnownFileType = sourcecode.swift; path = SwiftfulCryptoApp.swift; sourceTree = "<group>"; };
		FDB725BE27D355FE00C83EE6 /* ContentView.swift */ = {isa = PBXFileReference; lastKnownFileType = sourcecode.swift; path = ContentView.swift; sourceTree = "<group>"; };
		FDB725C027D3560100C83EE6 /* Assets.xcassets */ = {isa = PBXFileReference; lastKnownFileType = folder.assetcatalog; path = Assets.xcassets; sourceTree = "<group>"; };
		FDB725C327D3560100C83EE6 /* Preview Assets.xcassets */ = {isa = PBXFileReference; lastKnownFileType = folder.assetcatalog; path = "Preview Assets.xcassets"; sourceTree = "<group>"; };
		FDB725CB27D35E1800C83EE6 /* Color.swift */ = {isa = PBXFileReference; lastKnownFileType = sourcecode.swift; path = Color.swift; sourceTree = "<group>"; };
		FDB725D127D36EC900C83EE6 /* HomeView.swift */ = {isa = PBXFileReference; lastKnownFileType = sourcecode.swift; path = HomeView.swift; sourceTree = "<group>"; };
		FDB725D527D3701C00C83EE6 /* CircleButtonView.swift */ = {isa = PBXFileReference; lastKnownFileType = sourcecode.swift; path = CircleButtonView.swift; sourceTree = "<group>"; };
		FDE805FE27D627BC00A8FD99 /* CoinDataService.swift */ = {isa = PBXFileReference; lastKnownFileType = sourcecode.swift; path = CoinDataService.swift; sourceTree = "<group>"; };
		FDE8060127D6300500A8FD99 /* NetworkingManager.swift */ = {isa = PBXFileReference; lastKnownFileType = sourcecode.swift; path = NetworkingManager.swift; sourceTree = "<group>"; };
/* End PBXFileReference section */

/* Begin PBXFrameworksBuildPhase section */
		FDB725B627D355FE00C83EE6 /* Frameworks */ = {
			isa = PBXFrameworksBuildPhase;
			buildActionMask = 2147483647;
			files = (
			);
			runOnlyForDeploymentPostprocessing = 0;
		};
/* End PBXFrameworksBuildPhase section */

/* Begin PBXGroup section */
		FD07E7B427D4C37400E8B97C /* Models */ = {
			isa = PBXGroup;
			children = (
				FD992F3127D5E2E70090C664 /* CoinModel.swift */,
				FD7F0F7727DA29A000F01F0D /* CoinDetailModel.swift */,
				FD69E3A127D76C840002D51E /* StatisticModel.swift */,
				FD67513D27D885A1002BDA92 /* MarketDataModel.swift */,
				FD7F0F6B27D9C4A400F01F0D /* PortfolioContainer.xcdatamodeld */,
			);
			path = Models;
			sourceTree = "<group>";
		};
		FD69E39427D71EE50002D51E /* CoinImage */ = {
			isa = PBXGroup;
			children = (
				FD69E39527D71F070002D51E /* CoinImageView.swift */,
				FD69E39927D722DE0002D51E /* CoinImageViewModel.swift */,
				FD67514527D8C254002BDA92 /* CoinLogoView.swift */,
			);
			path = CoinImage;
			sourceTree = "<group>";
		};
		FD7F0F7227DA194D00F01F0D /* Detail */ = {
			isa = PBXGroup;
			children = (
				FD7F0F7427DA196400F01F0D /* Views */,
				FD7F0F7327DA195F00F01F0D /* ViewModel */,
			);
			path = Detail;
			sourceTree = "<group>";
		};
		FD7F0F7327DA195F00F01F0D /* ViewModel */ = {
			isa = PBXGroup;
			children = (
				FD7F0F7B27DA2C9C00F01F0D /* DetailViewModel.swift */,
			);
			path = ViewModel;
			sourceTree = "<group>";
		};
		FD7F0F7427DA196400F01F0D /* Views */ = {
			isa = PBXGroup;
			children = (
				FD7F0F7527DA199900F01F0D /* DetailView.swift */,
			);
			path = Views;
			sourceTree = "<group>";
		};
		FDB725B027D355FE00C83EE6 = {
			isa = PBXGroup;
			children = (
				FDB725BB27D355FE00C83EE6 /* SwiftfulCrypto */,
				FDB725BA27D355FE00C83EE6 /* Products */,
			);
			sourceTree = "<group>";
		};
		FDB725BA27D355FE00C83EE6 /* Products */ = {
			isa = PBXGroup;
			children = (
				FDB725B927D355FE00C83EE6 /* Crypto Tracker.app */,
			);
			name = Products;
			sourceTree = "<group>";
		};
		FDB725BB27D355FE00C83EE6 /* SwiftfulCrypto */ = {
			isa = PBXGroup;
			children = (
				FDB725BC27D355FE00C83EE6 /* SwiftfulCryptoApp.swift */,
				FDE8060027D62FF100A8FD99 /* Utilities */,
				FDB725CA27D35E0A00C83EE6 /* Extensions */,
				FDE805FD27D6278300A8FD99 /* Services */,
				FD07E7B427D4C37400E8B97C /* Models */,
				FDB725CD27D36E8100C83EE6 /* Core */,
				FDB725BE27D355FE00C83EE6 /* ContentView.swift */,
				FDB725C027D3560100C83EE6 /* Assets.xcassets */,
				FDB725C227D3560100C83EE6 /* Preview Content */,
			);
			path = SwiftfulCrypto;
			sourceTree = "<group>";
		};
		FDB725C227D3560100C83EE6 /* Preview Content */ = {
			isa = PBXGroup;
			children = (
				FDB725C327D3560100C83EE6 /* Preview Assets.xcassets */,
			);
			path = "Preview Content";
			sourceTree = "<group>";
		};
		FDB725CA27D35E0A00C83EE6 /* Extensions */ = {
			isa = PBXGroup;
			children = (
				FDB725CB27D35E1800C83EE6 /* Color.swift */,
				FD992F3527D5F48B0090C664 /* PreviewProvider.swift */,
				FD992F3727D5FB4E0090C664 /* Double.swift */,
				FD69E39F27D74E3C0002D51E /* UIApplication.swift */,
				FD7F0F7927DA2B5E00F01F0D /* String.swift */,
			);
			path = Extensions;
			sourceTree = "<group>";
		};
		FDB725CD27D36E8100C83EE6 /* Core */ = {
			isa = PBXGroup;
			children = (
				FDB725D327D36FFF00C83EE6 /* Components */,
				FDB725CE27D36E8A00C83EE6 /* Home */,
				FD7F0F7227DA194D00F01F0D /* Detail */,
			);
			path = Core;
			sourceTree = "<group>";
		};
		FDB725CE27D36E8A00C83EE6 /* Home */ = {
			isa = PBXGroup;
			children = (
				FDB725D027D36E9400C83EE6 /* ViewModels */,
				FDB725CF27D36E9000C83EE6 /* Views */,
			);
			path = Home;
			sourceTree = "<group>";
		};
		FDB725CF27D36E9000C83EE6 /* Views */ = {
			isa = PBXGroup;
			children = (
				FDB725D127D36EC900C83EE6 /* HomeView.swift */,
				FD992F3327D5F3E90090C664 /* CoinRowView.swift */,
				FD69E3A527D773790002D51E /* HomeStatsView.swift */,
				FD67514127D89858002BDA92 /* PortfolioView.swift */,
			);
			path = Views;
			sourceTree = "<group>";
		};
		FDB725D027D36E9400C83EE6 /* ViewModels */ = {
			isa = PBXGroup;
			children = (
				FD992F3927D611EF0090C664 /* HomeViewModel.swift */,
			);
			path = ViewModels;
			sourceTree = "<group>";
		};
		FDB725D327D36FFF00C83EE6 /* Components */ = {
			isa = PBXGroup;
			children = (
				FD69E39427D71EE50002D51E /* CoinImage */,
				FDB725D427D3700800C83EE6 /* CircleButton */,
				FD69E39D27D748A40002D51E /* SearchBarView.swift */,
				FD69E3A327D76DF30002D51E /* StatisticView.swift */,
				FD67514327D8C022002BDA92 /* XMarkButton.swift */,
			);
			path = Components;
			sourceTree = "<group>";
		};
		FDB725D427D3700800C83EE6 /* CircleButton */ = {
			isa = PBXGroup;
			children = (
				FDB725D527D3701C00C83EE6 /* CircleButtonView.swift */,
				FD8D15D627D374B000FEF727 /* CircleButtonAnimationView.swift */,
			);
			path = CircleButton;
			sourceTree = "<group>";
		};
		FDE805FD27D6278300A8FD99 /* Services */ = {
			isa = PBXGroup;
			children = (
				FDE805FE27D627BC00A8FD99 /* CoinDataService.swift */,
				FD7F0F7D27DA2CFB00F01F0D /* CoinDetailDataService.swift */,
				FD69E39727D720CC0002D51E /* CoinImageService.swift */,
				FD67513F27D88C21002BDA92 /* MarketDataService.swift */,
				FD7F0F6E27D9C55900F01F0D /* PortfolioDataService.swift */,
			);
			path = Services;
			sourceTree = "<group>";
		};
		FDE8060027D62FF100A8FD99 /* Utilities */ = {
			isa = PBXGroup;
			children = (
				FDE8060127D6300500A8FD99 /* NetworkingManager.swift */,
				FD69E39B27D72B850002D51E /* LocalFileManager.swift */,
				FD7F0F7027DA00DF00F01F0D /* HapticsManager.swift */,
			);
			path = Utilities;
			sourceTree = "<group>";
		};
/* End PBXGroup section */

/* Begin PBXNativeTarget section */
		FDB725B827D355FE00C83EE6 /* SwiftfulCrypto */ = {
			isa = PBXNativeTarget;
			buildConfigurationList = FDB725C727D3560100C83EE6 /* Build configuration list for PBXNativeTarget "SwiftfulCrypto" */;
			buildPhases = (
				FDB725B527D355FE00C83EE6 /* Sources */,
				FDB725B627D355FE00C83EE6 /* Frameworks */,
				FDB725B727D355FE00C83EE6 /* Resources */,
			);
			buildRules = (
			);
			dependencies = (
			);
			name = SwiftfulCrypto;
			productName = SwiftfulCrypto;
			productReference = FDB725B927D355FE00C83EE6 /* Crypto Tracker.app */;
			productType = "com.apple.product-type.application";
		};
/* End PBXNativeTarget section */

/* Begin PBXProject section */
		FDB725B127D355FE00C83EE6 /* Project object */ = {
			isa = PBXProject;
			attributes = {
				BuildIndependentTargetsInParallel = 1;
				LastSwiftUpdateCheck = 1320;
				LastUpgradeCheck = 1320;
				TargetAttributes = {
					FDB725B827D355FE00C83EE6 = {
						CreatedOnToolsVersion = 13.2.1;
					};
				};
			};
			buildConfigurationList = FDB725B427D355FE00C83EE6 /* Build configuration list for PBXProject "SwiftfulCrypto" */;
			compatibilityVersion = "Xcode 13.0";
			developmentRegion = en;
			hasScannedForEncodings = 0;
			knownRegions = (
				en,
				Base,
			);
			mainGroup = FDB725B027D355FE00C83EE6;
			productRefGroup = FDB725BA27D355FE00C83EE6 /* Products */;
			projectDirPath = "";
			projectRoot = "";
			targets = (
				FDB725B827D355FE00C83EE6 /* SwiftfulCrypto */,
			);
		};
/* End PBXProject section */

/* Begin PBXResourcesBuildPhase section */
		FDB725B727D355FE00C83EE6 /* Resources */ = {
			isa = PBXResourcesBuildPhase;
			buildActionMask = 2147483647;
			files = (
				FDB725C427D3560100C83EE6 /* Preview Assets.xcassets in Resources */,
				FDB725C127D3560100C83EE6 /* Assets.xcassets in Resources */,
			);
			runOnlyForDeploymentPostprocessing = 0;
		};
/* End PBXResourcesBuildPhase section */

/* Begin PBXSourcesBuildPhase section */
		FDB725B527D355FE00C83EE6 /* Sources */ = {
			isa = PBXSourcesBuildPhase;
			buildActionMask = 2147483647;
			files = (
				FD7F0F6D27D9C4A400F01F0D /* PortfolioContainer.xcdatamodeld in Sources */,
				FD69E3A227D76C840002D51E /* StatisticModel.swift in Sources */,
				FDE805FF27D627BC00A8FD99 /* CoinDataService.swift in Sources */,
				FD992F3427D5F3E90090C664 /* CoinRowView.swift in Sources */,
				FD67514427D8C022002BDA92 /* XMarkButton.swift in Sources */,
				FD992F3A27D611EF0090C664 /* HomeViewModel.swift in Sources */,
				FDB725BF27D355FE00C83EE6 /* ContentView.swift in Sources */,
				FD69E39C27D72B850002D51E /* LocalFileManager.swift in Sources */,
				FD67513E27D885A1002BDA92 /* MarketDataModel.swift in Sources */,
				FDB725D227D36EC900C83EE6 /* HomeView.swift in Sources */,
				FD69E3A427D76DF30002D51E /* StatisticView.swift in Sources */,
				FD69E39627D71F070002D51E /* CoinImageView.swift in Sources */,
				FD7F0F7A27DA2B5E00F01F0D /* String.swift in Sources */,
				FDB725BD27D355FE00C83EE6 /* SwiftfulCryptoApp.swift in Sources */,
				FD69E3A027D74E3C0002D51E /* UIApplication.swift in Sources */,
				FDB725D627D3701C00C83EE6 /* CircleButtonView.swift in Sources */,
				FDB725CC27D35E1800C83EE6 /* Color.swift in Sources */,
				FD7F0F7C27DA2C9C00F01F0D /* DetailViewModel.swift in Sources */,
				FD7F0F7627DA199900F01F0D /* DetailView.swift in Sources */,
				FD69E39E27D748A50002D51E /* SearchBarView.swift in Sources */,
				FDE8060227D6300500A8FD99 /* NetworkingManager.swift in Sources */,
				FD7F0F7127DA00DF00F01F0D /* HapticsManager.swift in Sources */,
				FD67514627D8C254002BDA92 /* CoinLogoView.swift in Sources */,
				FD69E3A627D773790002D51E /* HomeStatsView.swift in Sources */,
				FD67514027D88C21002BDA92 /* MarketDataService.swift in Sources */,
				FD8D15D727D374B000FEF727 /* CircleButtonAnimationView.swift in Sources */,
				FD7F0F7E27DA2CFB00F01F0D /* CoinDetailDataService.swift in Sources */,
				FD69E39A27D722DE0002D51E /* CoinImageViewModel.swift in Sources */,
				FD992F3627D5F48B0090C664 /* PreviewProvider.swift in Sources */,
				FD67514227D89858002BDA92 /* PortfolioView.swift in Sources */,
				FD992F3827D5FB4E0090C664 /* Double.swift in Sources */,
				FD69E39827D720CC0002D51E /* CoinImageService.swift in Sources */,
				FD7F0F7827DA29A000F01F0D /* CoinDetailModel.swift in Sources */,
				FD992F3227D5E2E70090C664 /* CoinModel.swift in Sources */,
				FD7F0F6F27D9C55900F01F0D /* PortfolioDataService.swift in Sources */,
			);
			runOnlyForDeploymentPostprocessing = 0;
		};
/* End PBXSourcesBuildPhase section */

/* Begin XCBuildConfiguration section */
		FDB725C527D3560100C83EE6 /* Debug */ = {
			isa = XCBuildConfiguration;
			buildSettings = {
				ALWAYS_SEARCH_USER_PATHS = NO;
				CLANG_ANALYZER_NONNULL = YES;
				CLANG_ANALYZER_NUMBER_OBJECT_CONVERSION = YES_AGGRESSIVE;
				CLANG_CXX_LANGUAGE_STANDARD = "gnu++17";
				CLANG_CXX_LIBRARY = "libc++";
				CLANG_ENABLE_MODULES = YES;
				CLANG_ENABLE_OBJC_ARC = YES;
				CLANG_ENABLE_OBJC_WEAK = YES;
				CLANG_WARN_BLOCK_CAPTURE_AUTORELEASING = YES;
				CLANG_WARN_BOOL_CONVERSION = YES;
				CLANG_WARN_COMMA = YES;
				CLANG_WARN_CONSTANT_CONVERSION = YES;
				CLANG_WARN_DEPRECATED_OBJC_IMPLEMENTATIONS = YES;
				CLANG_WARN_DIRECT_OBJC_ISA_USAGE = YES_ERROR;
				CLANG_WARN_DOCUMENTATION_COMMENTS = YES;
				CLANG_WARN_EMPTY_BODY = YES;
				CLANG_WARN_ENUM_CONVERSION = YES;
				CLANG_WARN_INFINITE_RECURSION = YES;
				CLANG_WARN_INT_CONVERSION = YES;
				CLANG_WARN_NON_LITERAL_NULL_CONVERSION = YES;
				CLANG_WARN_OBJC_IMPLICIT_RETAIN_SELF = YES;
				CLANG_WARN_OBJC_LITERAL_CONVERSION = YES;
				CLANG_WARN_OBJC_ROOT_CLASS = YES_ERROR;
				CLANG_WARN_QUOTED_INCLUDE_IN_FRAMEWORK_HEADER = YES;
				CLANG_WARN_RANGE_LOOP_ANALYSIS = YES;
				CLANG_WARN_STRICT_PROTOTYPES = YES;
				CLANG_WARN_SUSPICIOUS_MOVE = YES;
				CLANG_WARN_UNGUARDED_AVAILABILITY = YES_AGGRESSIVE;
				CLANG_WARN_UNREACHABLE_CODE = YES;
				CLANG_WARN__DUPLICATE_METHOD_MATCH = YES;
				COPY_PHASE_STRIP = NO;
				DEBUG_INFORMATION_FORMAT = dwarf;
				ENABLE_STRICT_OBJC_MSGSEND = YES;
				ENABLE_TESTABILITY = YES;
				GCC_C_LANGUAGE_STANDARD = gnu11;
				GCC_DYNAMIC_NO_PIC = NO;
				GCC_NO_COMMON_BLOCKS = YES;
				GCC_OPTIMIZATION_LEVEL = 0;
				GCC_PREPROCESSOR_DEFINITIONS = (
					"DEBUG=1",
					"$(inherited)",
				);
				GCC_WARN_64_TO_32_BIT_CONVERSION = YES;
				GCC_WARN_ABOUT_RETURN_TYPE = YES_ERROR;
				GCC_WARN_UNDECLARED_SELECTOR = YES;
				GCC_WARN_UNINITIALIZED_AUTOS = YES_AGGRESSIVE;
				GCC_WARN_UNUSED_FUNCTION = YES;
				GCC_WARN_UNUSED_VARIABLE = YES;
				IPHONEOS_DEPLOYMENT_TARGET = 15.2;
				MTL_ENABLE_DEBUG_INFO = INCLUDE_SOURCE;
				MTL_FAST_MATH = YES;
				ONLY_ACTIVE_ARCH = YES;
				SDKROOT = iphoneos;
				SWIFT_ACTIVE_COMPILATION_CONDITIONS = DEBUG;
				SWIFT_OPTIMIZATION_LEVEL = "-Onone";
			};
			name = Debug;
		};
		FDB725C627D3560100C83EE6 /* Release */ = {
			isa = XCBuildConfiguration;
			buildSettings = {
				ALWAYS_SEARCH_USER_PATHS = NO;
				CLANG_ANALYZER_NONNULL = YES;
				CLANG_ANALYZER_NUMBER_OBJECT_CONVERSION = YES_AGGRESSIVE;
				CLANG_CXX_LANGUAGE_STANDARD = "gnu++17";
				CLANG_CXX_LIBRARY = "libc++";
				CLANG_ENABLE_MODULES = YES;
				CLANG_ENABLE_OBJC_ARC = YES;
				CLANG_ENABLE_OBJC_WEAK = YES;
				CLANG_WARN_BLOCK_CAPTURE_AUTORELEASING = YES;
				CLANG_WARN_BOOL_CONVERSION = YES;
				CLANG_WARN_COMMA = YES;
				CLANG_WARN_CONSTANT_CONVERSION = YES;
				CLANG_WARN_DEPRECATED_OBJC_IMPLEMENTATIONS = YES;
				CLANG_WARN_DIRECT_OBJC_ISA_USAGE = YES_ERROR;
				CLANG_WARN_DOCUMENTATION_COMMENTS = YES;
				CLANG_WARN_EMPTY_BODY = YES;
				CLANG_WARN_ENUM_CONVERSION = YES;
				CLANG_WARN_INFINITE_RECURSION = YES;
				CLANG_WARN_INT_CONVERSION = YES;
				CLANG_WARN_NON_LITERAL_NULL_CONVERSION = YES;
				CLANG_WARN_OBJC_IMPLICIT_RETAIN_SELF = YES;
				CLANG_WARN_OBJC_LITERAL_CONVERSION = YES;
				CLANG_WARN_OBJC_ROOT_CLASS = YES_ERROR;
				CLANG_WARN_QUOTED_INCLUDE_IN_FRAMEWORK_HEADER = YES;
				CLANG_WARN_RANGE_LOOP_ANALYSIS = YES;
				CLANG_WARN_STRICT_PROTOTYPES = YES;
				CLANG_WARN_SUSPICIOUS_MOVE = YES;
				CLANG_WARN_UNGUARDED_AVAILABILITY = YES_AGGRESSIVE;
				CLANG_WARN_UNREACHABLE_CODE = YES;
				CLANG_WARN__DUPLICATE_METHOD_MATCH = YES;
				COPY_PHASE_STRIP = NO;
				DEBUG_INFORMATION_FORMAT = "dwarf-with-dsym";
				ENABLE_NS_ASSERTIONS = NO;
				ENABLE_STRICT_OBJC_MSGSEND = YES;
				GCC_C_LANGUAGE_STANDARD = gnu11;
				GCC_NO_COMMON_BLOCKS = YES;
				GCC_WARN_64_TO_32_BIT_CONVERSION = YES;
				GCC_WARN_ABOUT_RETURN_TYPE = YES_ERROR;
				GCC_WARN_UNDECLARED_SELECTOR = YES;
				GCC_WARN_UNINITIALIZED_AUTOS = YES_AGGRESSIVE;
				GCC_WARN_UNUSED_FUNCTION = YES;
				GCC_WARN_UNUSED_VARIABLE = YES;
				IPHONEOS_DEPLOYMENT_TARGET = 15.2;
				MTL_ENABLE_DEBUG_INFO = NO;
				MTL_FAST_MATH = YES;
				SDKROOT = iphoneos;
				SWIFT_COMPILATION_MODE = wholemodule;
				SWIFT_OPTIMIZATION_LEVEL = "-O";
				VALIDATE_PRODUCT = YES;
			};
			name = Release;
		};
		FDB725C827D3560100C83EE6 /* Debug */ = {
			isa = XCBuildConfiguration;
			buildSettings = {
				ASSETCATALOG_COMPILER_APPICON_NAME = AppIcon;
				ASSETCATALOG_COMPILER_GLOBAL_ACCENT_COLOR_NAME = AccentColor;
				CODE_SIGN_STYLE = Automatic;
				CURRENT_PROJECT_VERSION = 1;
				DEVELOPMENT_ASSET_PATHS = "\"SwiftfulCrypto/Preview Content\"";
				DEVELOPMENT_TEAM = XP6V4T4UU6;
				ENABLE_PREVIEWS = YES;
				GENERATE_INFOPLIST_FILE = YES;
				INFOPLIST_KEY_UIApplicationSceneManifest_Generation = YES;
				INFOPLIST_KEY_UIApplicationSupportsIndirectInputEvents = YES;
				INFOPLIST_KEY_UILaunchScreen_Generation = YES;
				INFOPLIST_KEY_UISupportedInterfaceOrientations = UIInterfaceOrientationPortrait;
				INFOPLIST_KEY_UISupportedInterfaceOrientations_iPad = "UIInterfaceOrientationPortrait UIInterfaceOrientationPortraitUpsideDown UIInterfaceOrientationLandscapeLeft UIInterfaceOrientationLandscapeRight";
				INFOPLIST_KEY_UISupportedInterfaceOrientations_iPhone = "UIInterfaceOrientationPortrait UIInterfaceOrientationLandscapeLeft UIInterfaceOrientationLandscapeRight";
				LD_RUNPATH_SEARCH_PATHS = (
					"$(inherited)",
					"@executable_path/Frameworks",
				);
				MARKETING_VERSION = 1.0;
				PRODUCT_BUNDLE_IDENTIFIER = com.blacenova.sample.SwiftfulCrypto;
				PRODUCT_NAME = "Crypto Tracker";
				SWIFT_EMIT_LOC_STRINGS = YES;
				SWIFT_VERSION = 5.0;
				TARGETED_DEVICE_FAMILY = "1,2";
			};
			name = Debug;
		};
		FDB725C927D3560100C83EE6 /* Release */ = {
			isa = XCBuildConfiguration;
			buildSettings = {
				ASSETCATALOG_COMPILER_APPICON_NAME = AppIcon;
				ASSETCATALOG_COMPILER_GLOBAL_ACCENT_COLOR_NAME = AccentColor;
				CODE_SIGN_STYLE = Automatic;
				CURRENT_PROJECT_VERSION = 1;
				DEVELOPMENT_ASSET_PATHS = "\"SwiftfulCrypto/Preview Content\"";
				DEVELOPMENT_TEAM = XP6V4T4UU6;
				ENABLE_PREVIEWS = YES;
				GENERATE_INFOPLIST_FILE = YES;
				INFOPLIST_KEY_UIApplicationSceneManifest_Generation = YES;
				INFOPLIST_KEY_UIApplicationSupportsIndirectInputEvents = YES;
				INFOPLIST_KEY_UILaunchScreen_Generation = YES;
				INFOPLIST_KEY_UISupportedInterfaceOrientations = UIInterfaceOrientationPortrait;
				INFOPLIST_KEY_UISupportedInterfaceOrientations_iPad = "UIInterfaceOrientationPortrait UIInterfaceOrientationPortraitUpsideDown UIInterfaceOrientationLandscapeLeft UIInterfaceOrientationLandscapeRight";
				INFOPLIST_KEY_UISupportedInterfaceOrientations_iPhone = "UIInterfaceOrientationPortrait UIInterfaceOrientationLandscapeLeft UIInterfaceOrientationLandscapeRight";
				LD_RUNPATH_SEARCH_PATHS = (
					"$(inherited)",
					"@executable_path/Frameworks",
				);
				MARKETING_VERSION = 1.0;
				PRODUCT_BUNDLE_IDENTIFIER = com.blacenova.sample.SwiftfulCrypto;
				PRODUCT_NAME = "Crypto Tracker";
				SWIFT_EMIT_LOC_STRINGS = YES;
				SWIFT_VERSION = 5.0;
				TARGETED_DEVICE_FAMILY = "1,2";
			};
			name = Release;
		};
/* End XCBuildConfiguration section */

/* Begin XCConfigurationList section */
		FDB725B427D355FE00C83EE6 /* Build configuration list for PBXProject "SwiftfulCrypto" */ = {
			isa = XCConfigurationList;
			buildConfigurations = (
				FDB725C527D3560100C83EE6 /* Debug */,
				FDB725C627D3560100C83EE6 /* Release */,
			);
			defaultConfigurationIsVisible = 0;
			defaultConfigurationName = Release;
		};
		FDB725C727D3560100C83EE6 /* Build configuration list for PBXNativeTarget "SwiftfulCrypto" */ = {
			isa = XCConfigurationList;
			buildConfigurations = (
				FDB725C827D3560100C83EE6 /* Debug */,
				FDB725C927D3560100C83EE6 /* Release */,
			);
			defaultConfigurationIsVisible = 0;
			defaultConfigurationName = Release;
		};
/* End XCConfigurationList section */

/* Begin XCVersionGroup section */
		FD7F0F6B27D9C4A400F01F0D /* PortfolioContainer.xcdatamodeld */ = {
			isa = XCVersionGroup;
			children = (
				FD7F0F6C27D9C4A400F01F0D /* PortfolioContainer.xcdatamodel */,
			);
			currentVersion = FD7F0F6C27D9C4A400F01F0D /* PortfolioContainer.xcdatamodel */;
			path = PortfolioContainer.xcdatamodeld;
			sourceTree = "<group>";
			versionGroupType = wrapper.xcdatamodel;
		};
/* End XCVersionGroup section */
	};
	rootObject = FDB725B127D355FE00C83EE6 /* Project object */;
}
